
Microsoft Visual Studio Solution File, Format Version 12.00
# Visual Studio 15
VisualStudioVersion = 15.0.27703.2026
MinimumVisualStudioVersion = 10.0.40219.1
Project("{FAE04EC0-301F-11D3-BF4B-00C04F79EFBC}") = "Common", "WebProject\Common.csproj", "{19CA9A48-9B5E-43D6-819F-4B640F15230B}"
EndProject
Project("{FAE04EC0-301F-11D3-BF4B-00C04F79EFBC}") = "DAL", "DAL\DAL.csproj", "{C4DAD34B-D057-4B51-B47F-603C541F6ED2}"
EndProject
Project("{FAE04EC0-301F-11D3-BF4B-00C04F79EFBC}") = "Web", "Web\Web.csproj", "{7A42D6BE-0B1C-4F6A-8022-7AEEFB712186}"
EndProject
Global
	GlobalSection(SolutionConfigurationPlatforms) = preSolution
		Debug|Any CPU = Debug|Any CPU
		Release|Any CPU = Release|Any CPU
	EndGlobalSection
	GlobalSection(ProjectConfigurationPlatforms) = postSolution
		{19CA9A48-9B5E-43D6-819F-4B640F15230B}.Debug|Any CPU.ActiveCfg = Debug|Any CPU
		{19CA9A48-9B5E-43D6-819F-4B640F15230B}.Debug|Any CPU.Build.0 = Debug|Any CPU
		{19CA9A48-9B5E-43D6-819F-4B640F15230B}.Release|Any CPU.ActiveCfg = Release|Any CPU
		{19CA9A48-9B5E-43D6-819F-4B640F15230B}.Release|Any CPU.Build.0 = Release|Any CPU
		{C4DAD34B-D057-4B51-B47F-603C541F6ED2}.Debug|Any CPU.ActiveCfg = Debug|Any CPU
		{C4DAD34B-D057-4B51-B47F-603C541F6ED2}.Debug|Any CPU.Build.0 = Debug|Any CPU
		{C4DAD34B-D057-4B51-B47F-603C541F6ED2}.Release|Any CPU.ActiveCfg = Release|Any CPU
		{C4DAD34B-D057-4B51-B47F-603C541F6ED2}.Release|Any CPU.Build.0 = Release|Any CPU
		{7A42D6BE-0B1C-4F6A-8022-7AEEFB712186}.Debug|Any CPU.ActiveCfg = Debug|Any CPU
		{7A42D6BE-0B1C-4F6A-8022-7AEEFB712186}.Debug|Any CPU.Build.0 = Debug|Any CPU
		{7A42D6BE-0B1C-4F6A-8022-7AEEFB712186}.Release|Any CPU.ActiveCfg = Release|Any CPU
		{7A42D6BE-0B1C-4F6A-8022-7AEEFB712186}.Release|Any CPU.Build.0 = Release|Any CPU
	EndGlobalSection
	GlobalSection(SolutionProperties) = preSolution
		HideSolutionNode = FALSE
	EndGlobalSection
	GlobalSection(ExtensibilityGlobals) = postSolution
		SolutionGuid = {94CA56C2-71E8-4E80-8A01-31C6A79A15F0}
	EndGlobalSection
EndGlobal
